// !$*UTF8*$!
{
	archiveVersion = 1;
	classes = {
	};
	objectVersion = 48;
	objects = {

/* Begin PBXBuildFile section */
		5823586CC3F6AD8C753FE5D3 /* Pods_Must_Read_2.framework in Frameworks */ = {isa = PBXBuildFile; fileRef = 531634DE655FA635E88BDDF6 /* Pods_Must_Read_2.framework */; };
		6F55E20EA608EAF0D0BA8435 /* Pods_Must_Read_2UITests.framework in Frameworks */ = {isa = PBXBuildFile; fileRef = 37D9BAFE80328AED25EB05DD /* Pods_Must_Read_2UITests.framework */; };
		A7D8628E205C558C004C1AFF /* AppDelegate.swift in Sources */ = {isa = PBXBuildFile; fileRef = A7D8628D205C558C004C1AFF /* AppDelegate.swift */; };
		A7D86293205C558C004C1AFF /* Main.storyboard in Resources */ = {isa = PBXBuildFile; fileRef = A7D86291205C558C004C1AFF /* Main.storyboard */; };
		A7D86295205C558C004C1AFF /* Assets.xcassets in Resources */ = {isa = PBXBuildFile; fileRef = A7D86294205C558C004C1AFF /* Assets.xcassets */; };
		A7D86298205C558C004C1AFF /* LaunchScreen.storyboard in Resources */ = {isa = PBXBuildFile; fileRef = A7D86296205C558C004C1AFF /* LaunchScreen.storyboard */; };
		A7D862A3205C558C004C1AFF /* Must_Read_2Tests.swift in Sources */ = {isa = PBXBuildFile; fileRef = A7D862A2205C558C004C1AFF /* Must_Read_2Tests.swift */; };
		A7D862AE205C558C004C1AFF /* Must_Read_2UITests.swift in Sources */ = {isa = PBXBuildFile; fileRef = A7D862AD205C558C004C1AFF /* Must_Read_2UITests.swift */; };
		A7EA82E6205C6AF700E07B8D /* MR2AuthorizationViewController.swift in Sources */ = {isa = PBXBuildFile; fileRef = A7EA82E5205C6AF700E07B8D /* MR2AuthorizationViewController.swift */; };
		A7F49788205DCDC200801E49 /* MR2LaunchViewController.swift in Sources */ = {isa = PBXBuildFile; fileRef = A7F49787205DCDC200801E49 /* MR2LaunchViewController.swift */; };
		A7F4978A205DCF9900801E49 /* MR2MainViewController.swift in Sources */ = {isa = PBXBuildFile; fileRef = A7F49789205DCF9900801E49 /* MR2MainViewController.swift */; };
		AD9F8FABE7F844B7DF031FA3 /* Pods_Must_Read_2Tests.framework in Frameworks */ = {isa = PBXBuildFile; fileRef = 7476314A66C17B7CA47A5274 /* Pods_Must_Read_2Tests.framework */; };
/* End PBXBuildFile section */

/* Begin PBXContainerItemProxy section */
		A7D8629F205C558C004C1AFF /* PBXContainerItemProxy */ = {
			isa = PBXContainerItemProxy;
			containerPortal = A7D86282205C558C004C1AFF /* Project object */;
			proxyType = 1;
			remoteGlobalIDString = A7D86289205C558C004C1AFF;
			remoteInfo = "Must Read 2";
		};
		A7D862AA205C558C004C1AFF /* PBXContainerItemProxy */ = {
			isa = PBXContainerItemProxy;
			containerPortal = A7D86282205C558C004C1AFF /* Project object */;
			proxyType = 1;
			remoteGlobalIDString = A7D86289205C558C004C1AFF;
			remoteInfo = "Must Read 2";
		};
/* End PBXContainerItemProxy section */

/* Begin PBXFileReference section */
		37D9BAFE80328AED25EB05DD /* Pods_Must_Read_2UITests.framework */ = {isa = PBXFileReference; explicitFileType = wrapper.framework; includeInIndex = 0; path = Pods_Must_Read_2UITests.framework; sourceTree = BUILT_PRODUCTS_DIR; };
		43D088EB65147E9F26DA86DD /* Pods-Must Read 2UITests.debug.xcconfig */ = {isa = PBXFileReference; includeInIndex = 1; lastKnownFileType = text.xcconfig; name = "Pods-Must Read 2UITests.debug.xcconfig"; path = "Pods/Target Support Files/Pods-Must Read 2UITests/Pods-Must Read 2UITests.debug.xcconfig"; sourceTree = "<group>"; };
		531634DE655FA635E88BDDF6 /* Pods_Must_Read_2.framework */ = {isa = PBXFileReference; explicitFileType = wrapper.framework; includeInIndex = 0; path = Pods_Must_Read_2.framework; sourceTree = BUILT_PRODUCTS_DIR; };
		685004AA13FD3E3B9AB6AE75 /* Pods-Must Read 2Tests.debug.xcconfig */ = {isa = PBXFileReference; includeInIndex = 1; lastKnownFileType = text.xcconfig; name = "Pods-Must Read 2Tests.debug.xcconfig"; path = "Pods/Target Support Files/Pods-Must Read 2Tests/Pods-Must Read 2Tests.debug.xcconfig"; sourceTree = "<group>"; };
		7476314A66C17B7CA47A5274 /* Pods_Must_Read_2Tests.framework */ = {isa = PBXFileReference; explicitFileType = wrapper.framework; includeInIndex = 0; path = Pods_Must_Read_2Tests.framework; sourceTree = BUILT_PRODUCTS_DIR; };
		A7D8628A205C558C004C1AFF /* Must Read 2.app */ = {isa = PBXFileReference; explicitFileType = wrapper.application; includeInIndex = 0; path = "Must Read 2.app"; sourceTree = BUILT_PRODUCTS_DIR; };
		A7D8628D205C558C004C1AFF /* AppDelegate.swift */ = {isa = PBXFileReference; lastKnownFileType = sourcecode.swift; path = AppDelegate.swift; sourceTree = "<group>"; };
		A7D86292205C558C004C1AFF /* Base */ = {isa = PBXFileReference; lastKnownFileType = file.storyboard; name = Base; path = Base.lproj/Main.storyboard; sourceTree = "<group>"; };
		A7D86294205C558C004C1AFF /* Assets.xcassets */ = {isa = PBXFileReference; lastKnownFileType = folder.assetcatalog; path = Assets.xcassets; sourceTree = "<group>"; };
		A7D86297205C558C004C1AFF /* Base */ = {isa = PBXFileReference; lastKnownFileType = file.storyboard; name = Base; path = Base.lproj/LaunchScreen.storyboard; sourceTree = "<group>"; };
		A7D86299205C558C004C1AFF /* Info.plist */ = {isa = PBXFileReference; lastKnownFileType = text.plist.xml; path = Info.plist; sourceTree = "<group>"; };
		A7D8629E205C558C004C1AFF /* Must Read 2Tests.xctest */ = {isa = PBXFileReference; explicitFileType = wrapper.cfbundle; includeInIndex = 0; path = "Must Read 2Tests.xctest"; sourceTree = BUILT_PRODUCTS_DIR; };
		A7D862A2205C558C004C1AFF /* Must_Read_2Tests.swift */ = {isa = PBXFileReference; lastKnownFileType = sourcecode.swift; path = Must_Read_2Tests.swift; sourceTree = "<group>"; };
		A7D862A4205C558C004C1AFF /* Info.plist */ = {isa = PBXFileReference; lastKnownFileType = text.plist.xml; path = Info.plist; sourceTree = "<group>"; };
		A7D862A9205C558C004C1AFF /* Must Read 2UITests.xctest */ = {isa = PBXFileReference; explicitFileType = wrapper.cfbundle; includeInIndex = 0; path = "Must Read 2UITests.xctest"; sourceTree = BUILT_PRODUCTS_DIR; };
		A7D862AD205C558C004C1AFF /* Must_Read_2UITests.swift */ = {isa = PBXFileReference; lastKnownFileType = sourcecode.swift; path = Must_Read_2UITests.swift; sourceTree = "<group>"; };
		A7D862AF205C558C004C1AFF /* Info.plist */ = {isa = PBXFileReference; lastKnownFileType = text.plist.xml; path = Info.plist; sourceTree = "<group>"; };
		A7EA82E5205C6AF700E07B8D /* MR2AuthorizationViewController.swift */ = {isa = PBXFileReference; lastKnownFileType = sourcecode.swift; path = MR2AuthorizationViewController.swift; sourceTree = "<group>"; };
		A7F49787205DCDC200801E49 /* MR2LaunchViewController.swift */ = {isa = PBXFileReference; lastKnownFileType = sourcecode.swift; path = MR2LaunchViewController.swift; sourceTree = "<group>"; };
		A7F49789205DCF9900801E49 /* MR2MainViewController.swift */ = {isa = PBXFileReference; lastKnownFileType = sourcecode.swift; path = MR2MainViewController.swift; sourceTree = "<group>"; };
		BFFE7347E2C57ADF870C7786 /* Pods-Must Read 2UITests.release.xcconfig */ = {isa = PBXFileReference; includeInIndex = 1; lastKnownFileType = text.xcconfig; name = "Pods-Must Read 2UITests.release.xcconfig"; path = "Pods/Target Support Files/Pods-Must Read 2UITests/Pods-Must Read 2UITests.release.xcconfig"; sourceTree = "<group>"; };
		CD46B7A0B3B779891C129098 /* Pods-Must Read 2.debug.xcconfig */ = {isa = PBXFileReference; includeInIndex = 1; lastKnownFileType = text.xcconfig; name = "Pods-Must Read 2.debug.xcconfig"; path = "Pods/Target Support Files/Pods-Must Read 2/Pods-Must Read 2.debug.xcconfig"; sourceTree = "<group>"; };
		E079B076378C190FFB05C40B /* Pods-Must Read 2.release.xcconfig */ = {isa = PBXFileReference; includeInIndex = 1; lastKnownFileType = text.xcconfig; name = "Pods-Must Read 2.release.xcconfig"; path = "Pods/Target Support Files/Pods-Must Read 2/Pods-Must Read 2.release.xcconfig"; sourceTree = "<group>"; };
		E300A268EBA5E30D6B8A0B5E /* Pods-Must Read 2Tests.release.xcconfig */ = {isa = PBXFileReference; includeInIndex = 1; lastKnownFileType = text.xcconfig; name = "Pods-Must Read 2Tests.release.xcconfig"; path = "Pods/Target Support Files/Pods-Must Read 2Tests/Pods-Must Read 2Tests.release.xcconfig"; sourceTree = "<group>"; };
/* End PBXFileReference section */

/* Begin PBXFrameworksBuildPhase section */
		A7D86287205C558C004C1AFF /* Frameworks */ = {
			isa = PBXFrameworksBuildPhase;
			buildActionMask = 2147483647;
			files = (
				5823586CC3F6AD8C753FE5D3 /* Pods_Must_Read_2.framework in Frameworks */,
			);
			runOnlyForDeploymentPostprocessing = 0;
		};
		A7D8629B205C558C004C1AFF /* Frameworks */ = {
			isa = PBXFrameworksBuildPhase;
			buildActionMask = 2147483647;
			files = (
				AD9F8FABE7F844B7DF031FA3 /* Pods_Must_Read_2Tests.framework in Frameworks */,
			);
			runOnlyForDeploymentPostprocessing = 0;
		};
		A7D862A6205C558C004C1AFF /* Frameworks */ = {
			isa = PBXFrameworksBuildPhase;
			buildActionMask = 2147483647;
			files = (
				6F55E20EA608EAF0D0BA8435 /* Pods_Must_Read_2UITests.framework in Frameworks */,
			);
			runOnlyForDeploymentPostprocessing = 0;
		};
/* End PBXFrameworksBuildPhase section */

/* Begin PBXGroup section */
		74587D7D8340328400F5C190 /* Pods */ = {
			isa = PBXGroup;
			children = (
				CD46B7A0B3B779891C129098 /* Pods-Must Read 2.debug.xcconfig */,
				E079B076378C190FFB05C40B /* Pods-Must Read 2.release.xcconfig */,
				685004AA13FD3E3B9AB6AE75 /* Pods-Must Read 2Tests.debug.xcconfig */,
				E300A268EBA5E30D6B8A0B5E /* Pods-Must Read 2Tests.release.xcconfig */,
				43D088EB65147E9F26DA86DD /* Pods-Must Read 2UITests.debug.xcconfig */,
				BFFE7347E2C57ADF870C7786 /* Pods-Must Read 2UITests.release.xcconfig */,
			);
			name = Pods;
			sourceTree = "<group>";
		};
		8A81C67AE0EC70CFE86625A8 /* Frameworks */ = {
			isa = PBXGroup;
			children = (
				531634DE655FA635E88BDDF6 /* Pods_Must_Read_2.framework */,
				7476314A66C17B7CA47A5274 /* Pods_Must_Read_2Tests.framework */,
				37D9BAFE80328AED25EB05DD /* Pods_Must_Read_2UITests.framework */,
			);
			name = Frameworks;
			sourceTree = "<group>";
		};
		A7D86281205C558C004C1AFF = {
			isa = PBXGroup;
			children = (
				A7D8628C205C558C004C1AFF /* Must Read 2 */,
				A7D862A1205C558C004C1AFF /* Must Read 2Tests */,
				A7D862AC205C558C004C1AFF /* Must Read 2UITests */,
				A7D8628B205C558C004C1AFF /* Products */,
				74587D7D8340328400F5C190 /* Pods */,
				8A81C67AE0EC70CFE86625A8 /* Frameworks */,
			);
			sourceTree = "<group>";
		};
		A7D8628B205C558C004C1AFF /* Products */ = {
			isa = PBXGroup;
			children = (
				A7D8628A205C558C004C1AFF /* Must Read 2.app */,
				A7D8629E205C558C004C1AFF /* Must Read 2Tests.xctest */,
				A7D862A9205C558C004C1AFF /* Must Read 2UITests.xctest */,
			);
			name = Products;
			sourceTree = "<group>";
		};
		A7D8628C205C558C004C1AFF /* Must Read 2 */ = {
			isa = PBXGroup;
			children = (
				A7D8628D205C558C004C1AFF /* AppDelegate.swift */,
				A7F49787205DCDC200801E49 /* MR2LaunchViewController.swift */,
				A7EA82E5205C6AF700E07B8D /* MR2AuthorizationViewController.swift */,
				A7F49789205DCF9900801E49 /* MR2MainViewController.swift */,
				A7D86291205C558C004C1AFF /* Main.storyboard */,
				A7D86294205C558C004C1AFF /* Assets.xcassets */,
				A7D86296205C558C004C1AFF /* LaunchScreen.storyboard */,
				A7D86299205C558C004C1AFF /* Info.plist */,
			);
			path = "Must Read 2";
			sourceTree = "<group>";
		};
		A7D862A1205C558C004C1AFF /* Must Read 2Tests */ = {
			isa = PBXGroup;
			children = (
				A7D862A2205C558C004C1AFF /* Must_Read_2Tests.swift */,
				A7D862A4205C558C004C1AFF /* Info.plist */,
			);
			path = "Must Read 2Tests";
			sourceTree = "<group>";
		};
		A7D862AC205C558C004C1AFF /* Must Read 2UITests */ = {
			isa = PBXGroup;
			children = (
				A7D862AD205C558C004C1AFF /* Must_Read_2UITests.swift */,
				A7D862AF205C558C004C1AFF /* Info.plist */,
			);
			path = "Must Read 2UITests";
			sourceTree = "<group>";
		};
/* End PBXGroup section */

/* Begin PBXNativeTarget section */
		A7D86289205C558C004C1AFF /* Must Read 2 */ = {
			isa = PBXNativeTarget;
			buildConfigurationList = A7D862B2205C558C004C1AFF /* Build configuration list for PBXNativeTarget "Must Read 2" */;
			buildPhases = (
				F48388F512870A1F37C0BFE3 /* [CP] Check Pods Manifest.lock */,
				A7D86286205C558C004C1AFF /* Sources */,
				A7D86287205C558C004C1AFF /* Frameworks */,
				A7D86288205C558C004C1AFF /* Resources */,
				1044EF039639246F23AD7CEA /* [CP] Embed Pods Frameworks */,
				5CF63DECE722B67EC1CA7C91 /* [CP] Copy Pods Resources */,
			);
			buildRules = (
			);
			dependencies = (
			);
			name = "Must Read 2";
			productName = "Must Read 2";
			productReference = A7D8628A205C558C004C1AFF /* Must Read 2.app */;
			productType = "com.apple.product-type.application";
		};
		A7D8629D205C558C004C1AFF /* Must Read 2Tests */ = {
			isa = PBXNativeTarget;
			buildConfigurationList = A7D862B5205C558C004C1AFF /* Build configuration list for PBXNativeTarget "Must Read 2Tests" */;
			buildPhases = (
				ABE2717D03E058D077D14C48 /* [CP] Check Pods Manifest.lock */,
				A7D8629A205C558C004C1AFF /* Sources */,
				A7D8629B205C558C004C1AFF /* Frameworks */,
				A7D8629C205C558C004C1AFF /* Resources */,
				E1838BE85BECD31A094E2C4C /* [CP] Embed Pods Frameworks */,
				0C844998A1334788C9C884D8 /* [CP] Copy Pods Resources */,
			);
			buildRules = (
			);
			dependencies = (
				A7D862A0205C558C004C1AFF /* PBXTargetDependency */,
			);
			name = "Must Read 2Tests";
			productName = "Must Read 2Tests";
			productReference = A7D8629E205C558C004C1AFF /* Must Read 2Tests.xctest */;
			productType = "com.apple.product-type.bundle.unit-test";
		};
		A7D862A8205C558C004C1AFF /* Must Read 2UITests */ = {
			isa = PBXNativeTarget;
			buildConfigurationList = A7D862B8205C558C004C1AFF /* Build configuration list for PBXNativeTarget "Must Read 2UITests" */;
			buildPhases = (
				0468D7C95596DC8DE5A90A8A /* [CP] Check Pods Manifest.lock */,
				A7D862A5205C558C004C1AFF /* Sources */,
				A7D862A6205C558C004C1AFF /* Frameworks */,
				A7D862A7205C558C004C1AFF /* Resources */,
				25D103B715CCFCADD79E0936 /* [CP] Embed Pods Frameworks */,
				9B1394F7E6FD0C340A74E0A5 /* [CP] Copy Pods Resources */,
			);
			buildRules = (
			);
			dependencies = (
				A7D862AB205C558C004C1AFF /* PBXTargetDependency */,
			);
			name = "Must Read 2UITests";
			productName = "Must Read 2UITests";
			productReference = A7D862A9205C558C004C1AFF /* Must Read 2UITests.xctest */;
			productType = "com.apple.product-type.bundle.ui-testing";
		};
/* End PBXNativeTarget section */

/* Begin PBXProject section */
		A7D86282205C558C004C1AFF /* Project object */ = {
			isa = PBXProject;
			attributes = {
				LastSwiftUpdateCheck = 0920;
				LastUpgradeCheck = 0920;
				ORGANIZATIONNAME = "Kseniia Rastvorova";
				TargetAttributes = {
					A7D86289205C558C004C1AFF = {
						CreatedOnToolsVersion = 9.2;
						ProvisioningStyle = Automatic;
					};
					A7D8629D205C558C004C1AFF = {
						CreatedOnToolsVersion = 9.2;
						ProvisioningStyle = Automatic;
						TestTargetID = A7D86289205C558C004C1AFF;
					};
					A7D862A8205C558C004C1AFF = {
						CreatedOnToolsVersion = 9.2;
						ProvisioningStyle = Automatic;
						TestTargetID = A7D86289205C558C004C1AFF;
					};
				};
			};
			buildConfigurationList = A7D86285205C558C004C1AFF /* Build configuration list for PBXProject "Must Read 2" */;
			compatibilityVersion = "Xcode 8.0";
			developmentRegion = en;
			hasScannedForEncodings = 0;
			knownRegions = (
				en,
				Base,
			);
			mainGroup = A7D86281205C558C004C1AFF;
			productRefGroup = A7D8628B205C558C004C1AFF /* Products */;
			projectDirPath = "";
			projectRoot = "";
			targets = (
				A7D86289205C558C004C1AFF /* Must Read 2 */,
				A7D8629D205C558C004C1AFF /* Must Read 2Tests */,
				A7D862A8205C558C004C1AFF /* Must Read 2UITests */,
			);
		};
/* End PBXProject section */

/* Begin PBXResourcesBuildPhase section */
		A7D86288205C558C004C1AFF /* Resources */ = {
			isa = PBXResourcesBuildPhase;
			buildActionMask = 2147483647;
			files = (
				A7D86298205C558C004C1AFF /* LaunchScreen.storyboard in Resources */,
				A7D86295205C558C004C1AFF /* Assets.xcassets in Resources */,
				A7D86293205C558C004C1AFF /* Main.storyboard in Resources */,
			);
			runOnlyForDeploymentPostprocessing = 0;
		};
		A7D8629C205C558C004C1AFF /* Resources */ = {
			isa = PBXResourcesBuildPhase;
			buildActionMask = 2147483647;
			files = (
			);
			runOnlyForDeploymentPostprocessing = 0;
		};
		A7D862A7205C558C004C1AFF /* Resources */ = {
			isa = PBXResourcesBuildPhase;
			buildActionMask = 2147483647;
			files = (
			);
			runOnlyForDeploymentPostprocessing = 0;
		};
/* End PBXResourcesBuildPhase section */

/* Begin PBXShellScriptBuildPhase section */
		0468D7C95596DC8DE5A90A8A /* [CP] Check Pods Manifest.lock */ = {
			isa = PBXShellScriptBuildPhase;
			buildActionMask = 2147483647;
			files = (
			);
			inputPaths = (
				"${PODS_PODFILE_DIR_PATH}/Podfile.lock",
				"${PODS_ROOT}/Manifest.lock",
			);
			name = "[CP] Check Pods Manifest.lock";
			outputPaths = (
				"$(DERIVED_FILE_DIR)/Pods-Must Read 2UITests-checkManifestLockResult.txt",
			);
			runOnlyForDeploymentPostprocessing = 0;
			shellPath = /bin/sh;
			shellScript = "diff \"${PODS_PODFILE_DIR_PATH}/Podfile.lock\" \"${PODS_ROOT}/Manifest.lock\" > /dev/null\nif [ $? != 0 ] ; then\n    # print error to STDERR\n    echo \"error: The sandbox is not in sync with the Podfile.lock. Run 'pod install' or update your CocoaPods installation.\" >&2\n    exit 1\nfi\n# This output is used by Xcode 'outputs' to avoid re-running this script phase.\necho \"SUCCESS\" > \"${SCRIPT_OUTPUT_FILE_0}\"\n";
			showEnvVarsInLog = 0;
		};
		0C844998A1334788C9C884D8 /* [CP] Copy Pods Resources */ = {
			isa = PBXShellScriptBuildPhase;
			buildActionMask = 2147483647;
			files = (
			);
			inputPaths = (
			);
			name = "[CP] Copy Pods Resources";
			outputPaths = (
			);
			runOnlyForDeploymentPostprocessing = 0;
			shellPath = /bin/sh;
			shellScript = "\"${SRCROOT}/Pods/Target Support Files/Pods-Must Read 2Tests/Pods-Must Read 2Tests-resources.sh\"\n";
			showEnvVarsInLog = 0;
		};
		1044EF039639246F23AD7CEA /* [CP] Embed Pods Frameworks */ = {
			isa = PBXShellScriptBuildPhase;
			buildActionMask = 2147483647;
			files = (
			);
			inputPaths = (
				"${SRCROOT}/Pods/Target Support Files/Pods-Must Read 2/Pods-Must Read 2-frameworks.sh",
				"${BUILT_PRODUCTS_DIR}/Bolts/Bolts.framework",
				"${BUILT_PRODUCTS_DIR}/Parse/Parse.framework",
			);
			name = "[CP] Embed Pods Frameworks";
			outputPaths = (
				"${TARGET_BUILD_DIR}/${FRAMEWORKS_FOLDER_PATH}/Bolts.framework",
				"${TARGET_BUILD_DIR}/${FRAMEWORKS_FOLDER_PATH}/Parse.framework",
			);
			runOnlyForDeploymentPostprocessing = 0;
			shellPath = /bin/sh;
			shellScript = "\"${SRCROOT}/Pods/Target Support Files/Pods-Must Read 2/Pods-Must Read 2-frameworks.sh\"\n";
			showEnvVarsInLog = 0;
		};
		25D103B715CCFCADD79E0936 /* [CP] Embed Pods Frameworks */ = {
			isa = PBXShellScriptBuildPhase;
			buildActionMask = 2147483647;
			files = (
			);
			inputPaths = (
			);
			name = "[CP] Embed Pods Frameworks";
			outputPaths = (
			);
			runOnlyForDeploymentPostprocessing = 0;
			shellPath = /bin/sh;
			shellScript = "\"${SRCROOT}/Pods/Target Support Files/Pods-Must Read 2UITests/Pods-Must Read 2UITests-frameworks.sh\"\n";
			showEnvVarsInLog = 0;
		};
		5CF63DECE722B67EC1CA7C91 /* [CP] Copy Pods Resources */ = {
			isa = PBXShellScriptBuildPhase;
			buildActionMask = 2147483647;
			files = (
			);
			inputPaths = (
			);
			name = "[CP] Copy Pods Resources";
			outputPaths = (
			);
			runOnlyForDeploymentPostprocessing = 0;
			shellPath = /bin/sh;
			shellScript = "\"${SRCROOT}/Pods/Target Support Files/Pods-Must Read 2/Pods-Must Read 2-resources.sh\"\n";
			showEnvVarsInLog = 0;
		};
		9B1394F7E6FD0C340A74E0A5 /* [CP] Copy Pods Resources */ = {
			isa = PBXShellScriptBuildPhase;
			buildActionMask = 2147483647;
			files = (
			);
			inputPaths = (
			);
			name = "[CP] Copy Pods Resources";
			outputPaths = (
			);
			runOnlyForDeploymentPostprocessing = 0;
			shellPath = /bin/sh;
			shellScript = "\"${SRCROOT}/Pods/Target Support Files/Pods-Must Read 2UITests/Pods-Must Read 2UITests-resources.sh\"\n";
			showEnvVarsInLog = 0;
		};
		ABE2717D03E058D077D14C48 /* [CP] Check Pods Manifest.lock */ = {
			isa = PBXShellScriptBuildPhase;
			buildActionMask = 2147483647;
			files = (
			);
			inputPaths = (
				"${PODS_PODFILE_DIR_PATH}/Podfile.lock",
				"${PODS_ROOT}/Manifest.lock",
			);
			name = "[CP] Check Pods Manifest.lock";
			outputPaths = (
				"$(DERIVED_FILE_DIR)/Pods-Must Read 2Tests-checkManifestLockResult.txt",
			);
			runOnlyForDeploymentPostprocessing = 0;
			shellPath = /bin/sh;
			shellScript = "diff \"${PODS_PODFILE_DIR_PATH}/Podfile.lock\" \"${PODS_ROOT}/Manifest.lock\" > /dev/null\nif [ $? != 0 ] ; then\n    # print error to STDERR\n    echo \"error: The sandbox is not in sync with the Podfile.lock. Run 'pod install' or update your CocoaPods installation.\" >&2\n    exit 1\nfi\n# This output is used by Xcode 'outputs' to avoid re-running this script phase.\necho \"SUCCESS\" > \"${SCRIPT_OUTPUT_FILE_0}\"\n";
			showEnvVarsInLog = 0;
		};
		E1838BE85BECD31A094E2C4C /* [CP] Embed Pods Frameworks */ = {
			isa = PBXShellScriptBuildPhase;
			buildActionMask = 2147483647;
			files = (
			);
			inputPaths = (
			);
			name = "[CP] Embed Pods Frameworks";
			outputPaths = (
			);
			runOnlyForDeploymentPostprocessing = 0;
			shellPath = /bin/sh;
			shellScript = "\"${SRCROOT}/Pods/Target Support Files/Pods-Must Read 2Tests/Pods-Must Read 2Tests-frameworks.sh\"\n";
			showEnvVarsInLog = 0;
		};
		F48388F512870A1F37C0BFE3 /* [CP] Check Pods Manifest.lock */ = {
			isa = PBXShellScriptBuildPhase;
			buildActionMask = 2147483647;
			files = (
			);
			inputPaths = (
				"${PODS_PODFILE_DIR_PATH}/Podfile.lock",
				"${PODS_ROOT}/Manifest.lock",
			);
			name = "[CP] Check Pods Manifest.lock";
			outputPaths = (
				"$(DERIVED_FILE_DIR)/Pods-Must Read 2-checkManifestLockResult.txt",
			);
			runOnlyForDeploymentPostprocessing = 0;
			shellPath = /bin/sh;
			shellScript = "diff \"${PODS_PODFILE_DIR_PATH}/Podfile.lock\" \"${PODS_ROOT}/Manifest.lock\" > /dev/null\nif [ $? != 0 ] ; then\n    # print error to STDERR\n    echo \"error: The sandbox is not in sync with the Podfile.lock. Run 'pod install' or update your CocoaPods installation.\" >&2\n    exit 1\nfi\n# This output is used by Xcode 'outputs' to avoid re-running this script phase.\necho \"SUCCESS\" > \"${SCRIPT_OUTPUT_FILE_0}\"\n";
			showEnvVarsInLog = 0;
		};
/* End PBXShellScriptBuildPhase section */

/* Begin PBXSourcesBuildPhase section */
		A7D86286205C558C004C1AFF /* Sources */ = {
			isa = PBXSourcesBuildPhase;
			buildActionMask = 2147483647;
			files = (
				A7D8628E205C558C004C1AFF /* AppDelegate.swift in Sources */,
				A7F49788205DCDC200801E49 /* MR2LaunchViewController.swift in Sources */,
				A7EA82E6205C6AF700E07B8D /* MR2AuthorizationViewController.swift in Sources */,
				A7F4978A205DCF9900801E49 /* MR2MainViewController.swift in Sources */,
			);
			runOnlyForDeploymentPostprocessing = 0;
		};
		A7D8629A205C558C004C1AFF /* Sources */ = {
			isa = PBXSourcesBuildPhase;
			buildActionMask = 2147483647;
			files = (
				A7D862A3205C558C004C1AFF /* Must_Read_2Tests.swift in Sources */,
			);
			runOnlyForDeploymentPostprocessing = 0;
		};
		A7D862A5205C558C004C1AFF /* Sources */ = {
			isa = PBXSourcesBuildPhase;
			buildActionMask = 2147483647;
			files = (
				A7D862AE205C558C004C1AFF /* Must_Read_2UITests.swift in Sources */,
			);
			runOnlyForDeploymentPostprocessing = 0;
		};
/* End PBXSourcesBuildPhase section */

/* Begin PBXTargetDependency section */
		A7D862A0205C558C004C1AFF /* PBXTargetDependency */ = {
			isa = PBXTargetDependency;
			target = A7D86289205C558C004C1AFF /* Must Read 2 */;
			targetProxy = A7D8629F205C558C004C1AFF /* PBXContainerItemProxy */;
		};
		A7D862AB205C558C004C1AFF /* PBXTargetDependency */ = {
			isa = PBXTargetDependency;
			target = A7D86289205C558C004C1AFF /* Must Read 2 */;
			targetProxy = A7D862AA205C558C004C1AFF /* PBXContainerItemProxy */;
		};
/* End PBXTargetDependency section */

/* Begin PBXVariantGroup section */
		A7D86291205C558C004C1AFF /* Main.storyboard */ = {
			isa = PBXVariantGroup;
			children = (
				A7D86292205C558C004C1AFF /* Base */,
			);
			name = Main.storyboard;
			sourceTree = "<group>";
		};
		A7D86296205C558C004C1AFF /* LaunchScreen.storyboard */ = {
			isa = PBXVariantGroup;
			children = (
				A7D86297205C558C004C1AFF /* Base */,
			);
			name = LaunchScreen.storyboard;
			sourceTree = "<group>";
		};
/* End PBXVariantGroup section */

/* Begin XCBuildConfiguration section */
		A7D862B0205C558C004C1AFF /* Debug */ = {
			isa = XCBuildConfiguration;
			buildSettings = {
				ALWAYS_SEARCH_USER_PATHS = NO;
				CLANG_ANALYZER_NONNULL = YES;
				CLANG_ANALYZER_NUMBER_OBJECT_CONVERSION = YES_AGGRESSIVE;
				CLANG_CXX_LANGUAGE_STANDARD = "gnu++14";
				CLANG_CXX_LIBRARY = "libc++";
				CLANG_ENABLE_MODULES = YES;
				CLANG_ENABLE_OBJC_ARC = YES;
				CLANG_WARN_BLOCK_CAPTURE_AUTORELEASING = YES;
				CLANG_WARN_BOOL_CONVERSION = YES;
				CLANG_WARN_COMMA = YES;
				CLANG_WARN_CONSTANT_CONVERSION = YES;
				CLANG_WARN_DIRECT_OBJC_ISA_USAGE = YES_ERROR;
				CLANG_WARN_DOCUMENTATION_COMMENTS = YES;
				CLANG_WARN_EMPTY_BODY = YES;
				CLANG_WARN_ENUM_CONVERSION = YES;
				CLANG_WARN_INFINITE_RECURSION = YES;
				CLANG_WARN_INT_CONVERSION = YES;
				CLANG_WARN_NON_LITERAL_NULL_CONVERSION = YES;
				CLANG_WARN_OBJC_LITERAL_CONVERSION = YES;
				CLANG_WARN_OBJC_ROOT_CLASS = YES_ERROR;
				CLANG_WARN_RANGE_LOOP_ANALYSIS = YES;
				CLANG_WARN_STRICT_PROTOTYPES = YES;
				CLANG_WARN_SUSPICIOUS_MOVE = YES;
				CLANG_WARN_UNGUARDED_AVAILABILITY = YES_AGGRESSIVE;
				CLANG_WARN_UNREACHABLE_CODE = YES;
				CLANG_WARN__DUPLICATE_METHOD_MATCH = YES;
				CODE_SIGN_IDENTITY = "iPhone Developer";
				COPY_PHASE_STRIP = NO;
				DEBUG_INFORMATION_FORMAT = dwarf;
				ENABLE_STRICT_OBJC_MSGSEND = YES;
				ENABLE_TESTABILITY = YES;
				GCC_C_LANGUAGE_STANDARD = gnu11;
				GCC_DYNAMIC_NO_PIC = NO;
				GCC_NO_COMMON_BLOCKS = YES;
				GCC_OPTIMIZATION_LEVEL = 0;
				GCC_PREPROCESSOR_DEFINITIONS = (
					"DEBUG=1",
					"$(inherited)",
				);
				GCC_WARN_64_TO_32_BIT_CONVERSION = YES;
				GCC_WARN_ABOUT_RETURN_TYPE = YES_ERROR;
				GCC_WARN_UNDECLARED_SELECTOR = YES;
				GCC_WARN_UNINITIALIZED_AUTOS = YES_AGGRESSIVE;
				GCC_WARN_UNUSED_FUNCTION = YES;
				GCC_WARN_UNUSED_VARIABLE = YES;
				IPHONEOS_DEPLOYMENT_TARGET = 11.2;
				MTL_ENABLE_DEBUG_INFO = YES;
				ONLY_ACTIVE_ARCH = YES;
				SDKROOT = iphoneos;
				SWIFT_ACTIVE_COMPILATION_CONDITIONS = DEBUG;
				SWIFT_OPTIMIZATION_LEVEL = "-Onone";
			};
			name = Debug;
		};
		A7D862B1205C558C004C1AFF /* Release */ = {
			isa = XCBuildConfiguration;
			buildSettings = {
				ALWAYS_SEARCH_USER_PATHS = NO;
				CLANG_ANALYZER_NONNULL = YES;
				CLANG_ANALYZER_NUMBER_OBJECT_CONVERSION = YES_AGGRESSIVE;
				CLANG_CXX_LANGUAGE_STANDARD = "gnu++14";
				CLANG_CXX_LIBRARY = "libc++";
				CLANG_ENABLE_MODULES = YES;
				CLANG_ENABLE_OBJC_ARC = YES;
				CLANG_WARN_BLOCK_CAPTURE_AUTORELEASING = YES;
				CLANG_WARN_BOOL_CONVERSION = YES;
				CLANG_WARN_COMMA = YES;
				CLANG_WARN_CONSTANT_CONVERSION = YES;
				CLANG_WARN_DIRECT_OBJC_ISA_USAGE = YES_ERROR;
				CLANG_WARN_DOCUMENTATION_COMMENTS = YES;
				CLANG_WARN_EMPTY_BODY = YES;
				CLANG_WARN_ENUM_CONVERSION = YES;
				CLANG_WARN_INFINITE_RECURSION = YES;
				CLANG_WARN_INT_CONVERSION = YES;
				CLANG_WARN_NON_LITERAL_NULL_CONVERSION = YES;
				CLANG_WARN_OBJC_LITERAL_CONVERSION = YES;
				CLANG_WARN_OBJC_ROOT_CLASS = YES_ERROR;
				CLANG_WARN_RANGE_LOOP_ANALYSIS = YES;
				CLANG_WARN_STRICT_PROTOTYPES = YES;
				CLANG_WARN_SUSPICIOUS_MOVE = YES;
				CLANG_WARN_UNGUARDED_AVAILABILITY = YES_AGGRESSIVE;
				CLANG_WARN_UNREACHABLE_CODE = YES;
				CLANG_WARN__DUPLICATE_METHOD_MATCH = YES;
				CODE_SIGN_IDENTITY = "iPhone Developer";
				COPY_PHASE_STRIP = NO;
				DEBUG_INFORMATION_FORMAT = "dwarf-with-dsym";
				ENABLE_NS_ASSERTIONS = NO;
				ENABLE_STRICT_OBJC_MSGSEND = YES;
				GCC_C_LANGUAGE_STANDARD = gnu11;
				GCC_NO_COMMON_BLOCKS = YES;
				GCC_WARN_64_TO_32_BIT_CONVERSION = YES;
				GCC_WARN_ABOUT_RETURN_TYPE = YES_ERROR;
				GCC_WARN_UNDECLARED_SELECTOR = YES;
				GCC_WARN_UNINITIALIZED_AUTOS = YES_AGGRESSIVE;
				GCC_WARN_UNUSED_FUNCTION = YES;
				GCC_WARN_UNUSED_VARIABLE = YES;
				IPHONEOS_DEPLOYMENT_TARGET = 11.2;
				MTL_ENABLE_DEBUG_INFO = NO;
				SDKROOT = iphoneos;
				SWIFT_OPTIMIZATION_LEVEL = "-Owholemodule";
				VALIDATE_PRODUCT = YES;
			};
			name = Release;
		};
		A7D862B3205C558C004C1AFF /* Debug */ = {
			isa = XCBuildConfiguration;
			baseConfigurationReference = CD46B7A0B3B779891C129098 /* Pods-Must Read 2.debug.xcconfig */;
			buildSettings = {
				ASSETCATALOG_COMPILER_APPICON_NAME = AppIcon;
				CODE_SIGN_STYLE = Automatic;
				DEVELOPMENT_TEAM = CGLWULMA8G;
				INFOPLIST_FILE = "Must Read 2/Info.plist";
				IPHONEOS_DEPLOYMENT_TARGET = 11.0;
				LD_RUNPATH_SEARCH_PATHS = "$(inherited) @executable_path/Frameworks";
				PRODUCT_BUNDLE_IDENTIFIER = com.sircfc.Picarts;
				PRODUCT_NAME = "$(TARGET_NAME)";
				SWIFT_VERSION = 4.0;
				TARGETED_DEVICE_FAMILY = "1,2";
			};
			name = Debug;
		};
		A7D862B4205C558C004C1AFF /* Release */ = {
			isa = XCBuildConfiguration;
			baseConfigurationReference = E079B076378C190FFB05C40B /* Pods-Must Read 2.release.xcconfig */;
			buildSettings = {
				ASSETCATALOG_COMPILER_APPICON_NAME = AppIcon;
				CODE_SIGN_STYLE = Automatic;
				DEVELOPMENT_TEAM = CGLWULMA8G;
				INFOPLIST_FILE = "Must Read 2/Info.plist";
				IPHONEOS_DEPLOYMENT_TARGET = 11.0;
				LD_RUNPATH_SEARCH_PATHS = "$(inherited) @executable_path/Frameworks";
				PRODUCT_BUNDLE_IDENTIFIER = com.sircfc.Picarts;
				PRODUCT_NAME = "$(TARGET_NAME)";
				SWIFT_VERSION = 4.0;
				TARGETED_DEVICE_FAMILY = "1,2";
			};
			name = Release;
		};
		A7D862B6205C558C004C1AFF /* Debug */ = {
			isa = XCBuildConfiguration;
			baseConfigurationReference = 685004AA13FD3E3B9AB6AE75 /* Pods-Must Read 2Tests.debug.xcconfig */;
			buildSettings = {
				ALWAYS_EMBED_SWIFT_STANDARD_LIBRARIES = YES;
				BUNDLE_LOADER = "$(TEST_HOST)";
				CODE_SIGN_STYLE = Automatic;
				DEVELOPMENT_TEAM = CGLWULMA8G;
				INFOPLIST_FILE = "Must Read 2Tests/Info.plist";
				LD_RUNPATH_SEARCH_PATHS = "$(inherited) @executable_path/Frameworks @loader_path/Frameworks";
				PRODUCT_BUNDLE_IDENTIFIER = "com.sircfc.Picarts.Must-Read-2Tests";
				PRODUCT_NAME = "$(TARGET_NAME)";
				SWIFT_VERSION = 4.0;
				TARGETED_DEVICE_FAMILY = "1,2";
				TEST_HOST = "$(BUILT_PRODUCTS_DIR)/Must Read 2.app/Must Read 2";
			};
			name = Debug;
		};
		A7D862B7205C558C004C1AFF /* Release */ = {
			isa = XCBuildConfiguration;
			baseConfigurationReference = E300A268EBA5E30D6B8A0B5E /* Pods-Must Read 2Tests.release.xcconfig */;
			buildSettings = {
				ALWAYS_EMBED_SWIFT_STANDARD_LIBRARIES = YES;
				BUNDLE_LOADER = "$(TEST_HOST)";
				CODE_SIGN_STYLE = Automatic;
				DEVELOPMENT_TEAM = CGLWULMA8G;
				INFOPLIST_FILE = "Must Read 2Tests/Info.plist";
				LD_RUNPATH_SEARCH_PATHS = "$(inherited) @executable_path/Frameworks @loader_path/Frameworks";
				PRODUCT_BUNDLE_IDENTIFIER = "com.sircfc.Picarts.Must-Read-2Tests";
				PRODUCT_NAME = "$(TARGET_NAME)";
				SWIFT_VERSION = 4.0;
				TARGETED_DEVICE_FAMILY = "1,2";
				TEST_HOST = "$(BUILT_PRODUCTS_DIR)/Must Read 2.app/Must Read 2";
			};
			name = Release;
		};
		A7D862B9205C558C004C1AFF /* Debug */ = {
			isa = XCBuildConfiguration;
			baseConfigurationReference = 43D088EB65147E9F26DA86DD /* Pods-Must Read 2UITests.debug.xcconfig */;
			buildSettings = {
				ALWAYS_EMBED_SWIFT_STANDARD_LIBRARIES = YES;
				CODE_SIGN_STYLE = Automatic;
				DEVELOPMENT_TEAM = CGLWULMA8G;
				INFOPLIST_FILE = "Must Read 2UITests/Info.plist";
				LD_RUNPATH_SEARCH_PATHS = "$(inherited) @executable_path/Frameworks @loader_path/Frameworks";
				PRODUCT_BUNDLE_IDENTIFIER = "com.sircfc.Picarts.Must-Read-2UITests";
				PRODUCT_NAME = "$(TARGET_NAME)";
				SWIFT_VERSION = 4.0;
				TARGETED_DEVICE_FAMILY = "1,2";
				TEST_TARGET_NAME = "Must Read 2";
			};
			name = Debug;
		};
		A7D862BA205C558C004C1AFF /* Release */ = {
			isa = XCBuildConfiguration;
			baseConfigurationReference = BFFE7347E2C57ADF870C7786 /* Pods-Must Read 2UITests.release.xcconfig */;
			buildSettings = {
				ALWAYS_EMBED_SWIFT_STANDARD_LIBRARIES = YES;
				CODE_SIGN_STYLE = Automatic;
				DEVELOPMENT_TEAM = CGLWULMA8G;
				INFOPLIST_FILE = "Must Read 2UITests/Info.plist";
				LD_RUNPATH_SEARCH_PATHS = "$(inherited) @executable_path/Frameworks @loader_path/Frameworks";
				PRODUCT_BUNDLE_IDENTIFIER = "com.sircfc.Picarts.Must-Read-2UITests";
				PRODUCT_NAME = "$(TARGET_NAME)";
				SWIFT_VERSION = 4.0;
				TARGETED_DEVICE_FAMILY = "1,2";
				TEST_TARGET_NAME = "Must Read 2";
			};
			name = Release;
		};
/* End XCBuildConfiguration section */

/* Begin XCConfigurationList section */
		A7D86285205C558C004C1AFF /* Build configuration list for PBXProject "Must Read 2" */ = {
			isa = XCConfigurationList;
			buildConfigurations = (
				A7D862B0205C558C004C1AFF /* Debug */,
				A7D862B1205C558C004C1AFF /* Release */,
			);
			defaultConfigurationIsVisible = 0;
			defaultConfigurationName = Release;
		};
		A7D862B2205C558C004C1AFF /* Build configuration list for PBXNativeTarget "Must Read 2" */ = {
			isa = XCConfigurationList;
			buildConfigurations = (
				A7D862B3205C558C004C1AFF /* Debug */,
				A7D862B4205C558C004C1AFF /* Release */,
			);
			defaultConfigurationIsVisible = 0;
			defaultConfigurationName = Release;
		};
		A7D862B5205C558C004C1AFF /* Build configuration list for PBXNativeTarget "Must Read 2Tests" */ = {
			isa = XCConfigurationList;
			buildConfigurations = (
				A7D862B6205C558C004C1AFF /* Debug */,
				A7D862B7205C558C004C1AFF /* Release */,
			);
			defaultConfigurationIsVisible = 0;
			defaultConfigurationName = Release;
		};
		A7D862B8205C558C004C1AFF /* Build configuration list for PBXNativeTarget "Must Read 2UITests" */ = {
			isa = XCConfigurationList;
			buildConfigurations = (
				A7D862B9205C558C004C1AFF /* Debug */,
				A7D862BA205C558C004C1AFF /* Release */,
			);
			defaultConfigurationIsVisible = 0;
			defaultConfigurationName = Release;
		};
/* End XCConfigurationList section */
	};
	rootObject = A7D86282205C558C004C1AFF /* Project object */;
}
